PODS:
  - KlarnaMobileSDK (1.0.0)

DEPENDENCIES:
  - KlarnaMobileSDK

SPEC REPOS:
  https://github.com/cocoapods/specs.git:
    - KlarnaMobileSDK

SPEC CHECKSUMS:
  KlarnaMobileSDK: 8a0a2fa3f3093edc7d7f1343140cd0ec6776d849

PODFILE CHECKSUM: bf2a974bfca1252a3b0b75edb54e648bace90c5e

COCOAPODS: 1.5.3
